
Microsoft Visual Studio Solution File, Format Version 12.00
# Visual Studio 15
Project("{FAE04EC0-301F-11D3-BF4B-00C04F79EFBC}") = "Assembly-CSharp", "Assembly-CSharp.csproj", "{DFF6C09F-0A4E-6467-A5BC-2CC8126AE6F7}"
EndProject
Global
	GlobalSection(SolutionConfigurationPlatforms) = preSolution
		Debug|Any CPU = Debug|Any CPU
		Release|Any CPU = Release|Any CPU
	EndGlobalSection
	GlobalSection(ProjectConfigurationPlatforms) = postSolution
		{DFF6C09F-0A4E-6467-A5BC-2CC8126AE6F7}.Debug|Any CPU.ActiveCfg = Debug|Any CPU
		{DFF6C09F-0A4E-6467-A5BC-2CC8126AE6F7}.Debug|Any CPU.Build.0 = Debug|Any CPU
		{DFF6C09F-0A4E-6467-A5BC-2CC8126AE6F7}.Release|Any CPU.ActiveCfg = Release|Any CPU
		{DFF6C09F-0A4E-6467-A5BC-2CC8126AE6F7}.Release|Any CPU.Build.0 = Release|Any CPU
	EndGlobalSection
	GlobalSection(SolutionProperties) = preSolution
		HideSolutionNode = FALSE
	EndGlobalSection
EndGlobal
